// !$*UTF8*$!
{
	archiveVersion = 1;
	classes = {
	};
	objectVersion = 55;
	objects = {

/* Begin PBXBuildFile section */
		D0221CBB28080D75005DF921 /* MatrixGrid.swift in Sources */ = {isa = PBXBuildFile; fileRef = D0221CBA28080D75005DF921 /* MatrixGrid.swift */; };
		D0221CBD28082654005DF921 /* Board.swift in Sources */ = {isa = PBXBuildFile; fileRef = D0221CBC28082654005DF921 /* Board.swift */; };
		D04F5BB927FED9D500DC3638 /* WordleApp.swift in Sources */ = {isa = PBXBuildFile; fileRef = D04F5BB827FED9D500DC3638 /* WordleApp.swift */; };
		D04F5BBB27FED9D500DC3638 /* LetterBox.swift in Sources */ = {isa = PBXBuildFile; fileRef = D04F5BBA27FED9D500DC3638 /* LetterBox.swift */; };
		D04F5BBD27FED9DD00DC3638 /* Assets.xcassets in Resources */ = {isa = PBXBuildFile; fileRef = D04F5BBC27FED9DD00DC3638 /* Assets.xcassets */; };
		D04F5BC027FED9DD00DC3638 /* Preview Assets.xcassets in Resources */ = {isa = PBXBuildFile; fileRef = D04F5BBF27FED9DD00DC3638 /* Preview Assets.xcassets */; };
		D04F5BC727FF317C00DC3638 /* BoardViewModel.swift in Sources */ = {isa = PBXBuildFile; fileRef = D04F5BC627FF317C00DC3638 /* BoardViewModel.swift */; };
		D0DA9DE72805CF2000088A5D /* ShapeExtension.swift in Sources */ = {isa = PBXBuildFile; fileRef = D0DA9DE62805CF2000088A5D /* ShapeExtension.swift */; };
		D0FD750D280922D700D02D75 /* AnswerProvider.swift in Sources */ = {isa = PBXBuildFile; fileRef = D0FD750C280922D700D02D75 /* AnswerProvider.swift */; };
/* End PBXBuildFile section */

/* Begin PBXFileReference section */
		D0221CBA28080D75005DF921 /* MatrixGrid.swift */ = {isa = PBXFileReference; lastKnownFileType = sourcecode.swift; path = MatrixGrid.swift; sourceTree = "<group>"; };
		D0221CBC28082654005DF921 /* Board.swift */ = {isa = PBXFileReference; lastKnownFileType = sourcecode.swift; path = Board.swift; sourceTree = "<group>"; };
		D04F5BB527FED9D500DC3638 /* Wordle-SwiftUI.app */ = {isa = PBXFileReference; explicitFileType = wrapper.application; includeInIndex = 0; path = "Wordle-SwiftUI.app"; sourceTree = BUILT_PRODUCTS_DIR; };
		D04F5BB827FED9D500DC3638 /* WordleApp.swift */ = {isa = PBXFileReference; lastKnownFileType = sourcecode.swift; path = WordleApp.swift; sourceTree = "<group>"; };
		D04F5BBA27FED9D500DC3638 /* LetterBox.swift */ = {isa = PBXFileReference; lastKnownFileType = sourcecode.swift; path = LetterBox.swift; sourceTree = "<group>"; };
		D04F5BBC27FED9DD00DC3638 /* Assets.xcassets */ = {isa = PBXFileReference; lastKnownFileType = folder.assetcatalog; path = Assets.xcassets; sourceTree = "<group>"; };
		D04F5BBF27FED9DD00DC3638 /* Preview Assets.xcassets */ = {isa = PBXFileReference; lastKnownFileType = folder.assetcatalog; path = "Preview Assets.xcassets"; sourceTree = "<group>"; };
		D04F5BC627FF317C00DC3638 /* BoardViewModel.swift */ = {isa = PBXFileReference; lastKnownFileType = sourcecode.swift; path = BoardViewModel.swift; sourceTree = "<group>"; };
		D0DA9DE62805CF2000088A5D /* ShapeExtension.swift */ = {isa = PBXFileReference; lastKnownFileType = sourcecode.swift; path = ShapeExtension.swift; sourceTree = "<group>"; };
		D0FD750C280922D700D02D75 /* AnswerProvider.swift */ = {isa = PBXFileReference; lastKnownFileType = sourcecode.swift; path = AnswerProvider.swift; sourceTree = "<group>"; };
/* End PBXFileReference section */

/* Begin PBXFrameworksBuildPhase section */
		D04F5BB227FED9D500DC3638 /* Frameworks */ = {
			isa = PBXFrameworksBuildPhase;
			buildActionMask = 2147483647;
			files = (
			);
			runOnlyForDeploymentPostprocessing = 0;
		};
/* End PBXFrameworksBuildPhase section */

/* Begin PBXGroup section */
		D04F5BAC27FED9D400DC3638 = {
			isa = PBXGroup;
			children = (
				D04F5BB727FED9D500DC3638 /* Wordle-SwiftUI */,
				D04F5BB627FED9D500DC3638 /* Products */,
			);
			sourceTree = "<group>";
		};
		D04F5BB627FED9D500DC3638 /* Products */ = {
			isa = PBXGroup;
			children = (
				D04F5BB527FED9D500DC3638 /* Wordle-SwiftUI.app */,
			);
			name = Products;
			sourceTree = "<group>";
		};
		D04F5BB727FED9D500DC3638 /* Wordle-SwiftUI */ = {
			isa = PBXGroup;
			children = (
				D04F5BB827FED9D500DC3638 /* WordleApp.swift */,
				D04F5BBA27FED9D500DC3638 /* LetterBox.swift */,
				D0DA9DE62805CF2000088A5D /* ShapeExtension.swift */,
				D0221CBC28082654005DF921 /* Board.swift */,
				D04F5BC627FF317C00DC3638 /* BoardViewModel.swift */,
				D0221CBA28080D75005DF921 /* MatrixGrid.swift */,
				D0FD750C280922D700D02D75 /* AnswerProvider.swift */,
				D04F5BBC27FED9DD00DC3638 /* Assets.xcassets */,
				D04F5BBE27FED9DD00DC3638 /* Preview Content */,
			);
			path = "Wordle-SwiftUI";
			sourceTree = "<group>";
		};
		D04F5BBE27FED9DD00DC3638 /* Preview Content */ = {
			isa = PBXGroup;
			children = (
				D04F5BBF27FED9DD00DC3638 /* Preview Assets.xcassets */,
			);
			path = "Preview Content";
			sourceTree = "<group>";
		};
/* End PBXGroup section */

/* Begin PBXNativeTarget section */
		D04F5BB427FED9D500DC3638 /* Wordle-SwiftUI */ = {
			isa = PBXNativeTarget;
			buildConfigurationList = D04F5BC327FED9DD00DC3638 /* Build configuration list for PBXNativeTarget "Wordle-SwiftUI" */;
			buildPhases = (
				D04F5BB127FED9D500DC3638 /* Sources */,
				D04F5BB227FED9D500DC3638 /* Frameworks */,
				D04F5BB327FED9D500DC3638 /* Resources */,
			);
			buildRules = (
			);
			dependencies = (
			);
			name = "Wordle-SwiftUI";
			productName = "Wordle-SwiftUI";
			productReference = D04F5BB527FED9D500DC3638 /* Wordle-SwiftUI.app */;
			productType = "com.apple.product-type.application";
		};
/* End PBXNativeTarget section */

/* Begin PBXProject section */
		D04F5BAD27FED9D400DC3638 /* Project object */ = {
			isa = PBXProject;
			attributes = {
				BuildIndependentTargetsInParallel = 1;
				LastSwiftUpdateCheck = 1330;
				LastUpgradeCheck = 1330;
				TargetAttributes = {
					D04F5BB427FED9D500DC3638 = {
						CreatedOnToolsVersion = 13.3;
					};
				};
			};
			buildConfigurationList = D04F5BB027FED9D400DC3638 /* Build configuration list for PBXProject "Wordle-SwiftUI" */;
			compatibilityVersion = "Xcode 13.0";
			developmentRegion = en;
			hasScannedForEncodings = 0;
			knownRegions = (
				en,
				Base,
			);
			mainGroup = D04F5BAC27FED9D400DC3638;
			productRefGroup = D04F5BB627FED9D500DC3638 /* Products */;
			projectDirPath = "";
			projectRoot = "";
			targets = (
				D04F5BB427FED9D500DC3638 /* Wordle-SwiftUI */,
			);
		};
/* End PBXProject section */

/* Begin PBXResourcesBuildPhase section */
		D04F5BB327FED9D500DC3638 /* Resources */ = {
			isa = PBXResourcesBuildPhase;
			buildActionMask = 2147483647;
			files = (
				D04F5BC027FED9DD00DC3638 /* Preview Assets.xcassets in Resources */,
				D04F5BBD27FED9DD00DC3638 /* Assets.xcassets in Resources */,
			);
			runOnlyForDeploymentPostprocessing = 0;
		};
/* End PBXResourcesBuildPhase section */

/* Begin PBXSourcesBuildPhase section */
		D04F5BB127FED9D500DC3638 /* Sources */ = {
			isa = PBXSourcesBuildPhase;
			buildActionMask = 2147483647;
			files = (
				D04F5BBB27FED9D500DC3638 /* LetterBox.swift in Sources */,
				D0221CBB28080D75005DF921 /* MatrixGrid.swift in Sources */,
				D0221CBD28082654005DF921 /* Board.swift in Sources */,
				D0DA9DE72805CF2000088A5D /* ShapeExtension.swift in Sources */,
				D04F5BB927FED9D500DC3638 /* WordleApp.swift in Sources */,
				D04F5BC727FF317C00DC3638 /* BoardViewModel.swift in Sources */,
				D0FD750D280922D700D02D75 /* AnswerProvider.swift in Sources */,
			);
			runOnlyForDeploymentPostprocessing = 0;
		};
/* End PBXSourcesBuildPhase section */

/* Begin XCBuildConfiguration section */
		D04F5BC127FED9DD00DC3638 /* Debug */ = {
			isa = XCBuildConfiguration;
			buildSettings = {
				ALWAYS_SEARCH_USER_PATHS = NO;
				CLANG_ANALYZER_NONNULL = YES;
				CLANG_ANALYZER_NUMBER_OBJECT_CONVERSION = YES_AGGRESSIVE;
				CLANG_CXX_LANGUAGE_STANDARD = "gnu++17";
				CLANG_ENABLE_MODULES = YES;
				CLANG_ENABLE_OBJC_ARC = YES;
				CLANG_ENABLE_OBJC_WEAK = YES;
				CLANG_WARN_BLOCK_CAPTURE_AUTORELEASING = YES;
				CLANG_WARN_BOOL_CONVERSION = YES;
				CLANG_WARN_COMMA = YES;
				CLANG_WARN_CONSTANT_CONVERSION = YES;
				CLANG_WARN_DEPRECATED_OBJC_IMPLEMENTATIONS = YES;
				CLANG_WARN_DIRECT_OBJC_ISA_USAGE = YES_ERROR;
				CLANG_WARN_DOCUMENTATION_COMMENTS = YES;
				CLANG_WARN_EMPTY_BODY = YES;
				CLANG_WARN_ENUM_CONVERSION = YES;
				CLANG_WARN_INFINITE_RECURSION = YES;
				CLANG_WARN_INT_CONVERSION = YES;
				CLANG_WARN_NON_LITERAL_NULL_CONVERSION = YES;
				CLANG_WARN_OBJC_IMPLICIT_RETAIN_SELF = YES;
				CLANG_WARN_OBJC_LITERAL_CONVERSION = YES;
				CLANG_WARN_OBJC_ROOT_CLASS = YES_ERROR;
				CLANG_WARN_QUOTED_INCLUDE_IN_FRAMEWORK_HEADER = YES;
				CLANG_WARN_RANGE_LOOP_ANALYSIS = YES;
				CLANG_WARN_STRICT_PROTOTYPES = YES;
				CLANG_WARN_SUSPICIOUS_MOVE = YES;
				CLANG_WARN_UNGUARDED_AVAILABILITY = YES_AGGRESSIVE;
				CLANG_WARN_UNREACHABLE_CODE = YES;
				CLANG_WARN__DUPLICATE_METHOD_MATCH = YES;
				COPY_PHASE_STRIP = NO;
				DEBUG_INFORMATION_FORMAT = dwarf;
				ENABLE_STRICT_OBJC_MSGSEND = YES;
				ENABLE_TESTABILITY = YES;
				GCC_C_LANGUAGE_STANDARD = gnu11;
				GCC_DYNAMIC_NO_PIC = NO;
				GCC_NO_COMMON_BLOCKS = YES;
				GCC_OPTIMIZATION_LEVEL = 0;
				GCC_PREPROCESSOR_DEFINITIONS = (
					"DEBUG=1",
					"$(inherited)",
				);
				GCC_WARN_64_TO_32_BIT_CONVERSION = YES;
				GCC_WARN_ABOUT_RETURN_TYPE = YES_ERROR;
				GCC_WARN_UNDECLARED_SELECTOR = YES;
				GCC_WARN_UNINITIALIZED_AUTOS = YES_AGGRESSIVE;
				GCC_WARN_UNUSED_FUNCTION = YES;
				GCC_WARN_UNUSED_VARIABLE = YES;
				IPHONEOS_DEPLOYMENT_TARGET = 15.4;
				MTL_ENABLE_DEBUG_INFO = INCLUDE_SOURCE;
				MTL_FAST_MATH = YES;
				ONLY_ACTIVE_ARCH = YES;
				SDKROOT = iphoneos;
				SWIFT_ACTIVE_COMPILATION_CONDITIONS = DEBUG;
				SWIFT_OPTIMIZATION_LEVEL = "-Onone";
			};
			name = Debug;
		};
		D04F5BC227FED9DD00DC3638 /* Release */ = {
			isa = XCBuildConfiguration;
			buildSettings = {
				ALWAYS_SEARCH_USER_PATHS = NO;
				CLANG_ANALYZER_NONNULL = YES;
				CLANG_ANALYZER_NUMBER_OBJECT_CONVERSION = YES_AGGRESSIVE;
				CLANG_CXX_LANGUAGE_STANDARD = "gnu++17";
				CLANG_ENABLE_MODULES = YES;
				CLANG_ENABLE_OBJC_ARC = YES;
				CLANG_ENABLE_OBJC_WEAK = YES;
				CLANG_WARN_BLOCK_CAPTURE_AUTORELEASING = YES;
				CLANG_WARN_BOOL_CONVERSION = YES;
				CLANG_WARN_COMMA = YES;
				CLANG_WARN_CONSTANT_CONVERSION = YES;
				CLANG_WARN_DEPRECATED_OBJC_IMPLEMENTATIONS = YES;
				CLANG_WARN_DIRECT_OBJC_ISA_USAGE = YES_ERROR;
				CLANG_WARN_DOCUMENTATION_COMMENTS = YES;
				CLANG_WARN_EMPTY_BODY = YES;
				CLANG_WARN_ENUM_CONVERSION = YES;
				CLANG_WARN_INFINITE_RECURSION = YES;
				CLANG_WARN_INT_CONVERSION = YES;
				CLANG_WARN_NON_LITERAL_NULL_CONVERSION = YES;
				CLANG_WARN_OBJC_IMPLICIT_RETAIN_SELF = YES;
				CLANG_WARN_OBJC_LITERAL_CONVERSION = YES;
				CLANG_WARN_OBJC_ROOT_CLASS = YES_ERROR;
				CLANG_WARN_QUOTED_INCLUDE_IN_FRAMEWORK_HEADER = YES;
				CLANG_WARN_RANGE_LOOP_ANALYSIS = YES;
				CLANG_WARN_STRICT_PROTOTYPES = YES;
				CLANG_WARN_SUSPICIOUS_MOVE = YES;
				CLANG_WARN_UNGUARDED_AVAILABILITY = YES_AGGRESSIVE;
				CLANG_WARN_UNREACHABLE_CODE = YES;
				CLANG_WARN__DUPLICATE_METHOD_MATCH = YES;
				COPY_PHASE_STRIP = NO;
				DEBUG_INFORMATION_FORMAT = "dwarf-with-dsym";
				ENABLE_NS_ASSERTIONS = NO;
				ENABLE_STRICT_OBJC_MSGSEND = YES;
				GCC_C_LANGUAGE_STANDARD = gnu11;
				GCC_NO_COMMON_BLOCKS = YES;
				GCC_WARN_64_TO_32_BIT_CONVERSION = YES;
				GCC_WARN_ABOUT_RETURN_TYPE = YES_ERROR;
				GCC_WARN_UNDECLARED_SELECTOR = YES;
				GCC_WARN_UNINITIALIZED_AUTOS = YES_AGGRESSIVE;
				GCC_WARN_UNUSED_FUNCTION = YES;
				GCC_WARN_UNUSED_VARIABLE = YES;
				IPHONEOS_DEPLOYMENT_TARGET = 15.4;
				MTL_ENABLE_DEBUG_INFO = NO;
				MTL_FAST_MATH = YES;
				SDKROOT = iphoneos;
				SWIFT_COMPILATION_MODE = wholemodule;
				SWIFT_OPTIMIZATION_LEVEL = "-O";
				VALIDATE_PRODUCT = YES;
			};
			name = Release;
		};
		D04F5BC427FED9DD00DC3638 /* Debug */ = {
			isa = XCBuildConfiguration;
			buildSettings = {
				ASSETCATALOG_COMPILER_APPICON_NAME = AppIcon;
				ASSETCATALOG_COMPILER_GLOBAL_ACCENT_COLOR_NAME = AccentColor;
				CODE_SIGN_STYLE = Automatic;
				CURRENT_PROJECT_VERSION = 1;
				DEVELOPMENT_ASSET_PATHS = "\"Wordle-SwiftUI/Preview Content\"";
				DEVELOPMENT_TEAM = LFC69BH633;
				ENABLE_PREVIEWS = YES;
				GENERATE_INFOPLIST_FILE = YES;
				INFOPLIST_KEY_UIApplicationSceneManifest_Generation = YES;
				INFOPLIST_KEY_UIApplicationSupportsIndirectInputEvents = YES;
				INFOPLIST_KEY_UILaunchScreen_Generation = YES;
				INFOPLIST_KEY_UISupportedInterfaceOrientations_iPad = "UIInterfaceOrientationPortrait UIInterfaceOrientationPortraitUpsideDown UIInterfaceOrientationLandscapeLeft UIInterfaceOrientationLandscapeRight";
				INFOPLIST_KEY_UISupportedInterfaceOrientations_iPhone = "UIInterfaceOrientationPortrait UIInterfaceOrientationLandscapeLeft UIInterfaceOrientationLandscapeRight";
				LD_RUNPATH_SEARCH_PATHS = (
					"$(inherited)",
					"@executable_path/Frameworks",
				);
				MARKETING_VERSION = 1.0;
				PRODUCT_BUNDLE_IDENTIFIER = "com.justintsai.Wordle-SwiftUI";
				PRODUCT_NAME = "$(TARGET_NAME)";
				SWIFT_EMIT_LOC_STRINGS = YES;
				SWIFT_VERSION = 5.0;
				TARGETED_DEVICE_FAMILY = "1,2";
			};
			name = Debug;
		};
		D04F5BC527FED9DD00DC3638 /* Release */ = {
			isa = XCBuildConfiguration;
			buildSettings = {
				ASSETCATALOG_COMPILER_APPICON_NAME = AppIcon;
				ASSETCATALOG_COMPILER_GLOBAL_ACCENT_COLOR_NAME = AccentColor;
				CODE_SIGN_STYLE = Automatic;
				CURRENT_PROJECT_VERSION = 1;
				DEVELOPMENT_ASSET_PATHS = "\"Wordle-SwiftUI/Preview Content\"";
				DEVELOPMENT_TEAM = LFC69BH633;
				ENABLE_PREVIEWS = YES;
				GENERATE_INFOPLIST_FILE = YES;
				INFOPLIST_KEY_UIApplicationSceneManifest_Generation = YES;
				INFOPLIST_KEY_UIApplicationSupportsIndirectInputEvents = YES;
				INFOPLIST_KEY_UILaunchScreen_Generation = YES;
				INFOPLIST_KEY_UISupportedInterfaceOrientations_iPad = "UIInterfaceOrientationPortrait UIInterfaceOrientationPortraitUpsideDown UIInterfaceOrientationLandscapeLeft UIInterfaceOrientationLandscapeRight";
				INFOPLIST_KEY_UISupportedInterfaceOrientations_iPhone = "UIInterfaceOrientationPortrait UIInterfaceOrientationLandscapeLeft UIInterfaceOrientationLandscapeRight";
				LD_RUNPATH_SEARCH_PATHS = (
					"$(inherited)",
					"@executable_path/Frameworks",
				);
				MARKETING_VERSION = 1.0;
				PRODUCT_BUNDLE_IDENTIFIER = "com.justintsai.Wordle-SwiftUI";
				PRODUCT_NAME = "$(TARGET_NAME)";
				SWIFT_EMIT_LOC_STRINGS = YES;
				SWIFT_VERSION = 5.0;
				TARGETED_DEVICE_FAMILY = "1,2";
			};
			name = Release;
		};
/* End XCBuildConfiguration section */

/* Begin XCConfigurationList section */
		D04F5BB027FED9D400DC3638 /* Build configuration list for PBXProject "Wordle-SwiftUI" */ = {
			isa = XCConfigurationList;
			buildConfigurations = (
				D04F5BC127FED9DD00DC3638 /* Debug */,
				D04F5BC227FED9DD00DC3638 /* Release */,
			);
			defaultConfigurationIsVisible = 0;
			defaultConfigurationName = Release;
		};
		D04F5BC327FED9DD00DC3638 /* Build configuration list for PBXNativeTarget "Wordle-SwiftUI" */ = {
			isa = XCConfigurationList;
			buildConfigurations = (
				D04F5BC427FED9DD00DC3638 /* Debug */,
				D04F5BC527FED9DD00DC3638 /* Release */,
			);
			defaultConfigurationIsVisible = 0;
			defaultConfigurationName = Release;
		};
/* End XCConfigurationList section */
	};
	rootObject = D04F5BAD27FED9D400DC3638 /* Project object */;
}
